PODS:
  - Verify-SwiftOC3rd (0.1.1)

DEPENDENCIES:
  - Verify-SwiftOC3rd (from `../`)

EXTERNAL SOURCES:
  Verify-SwiftOC3rd:
    :path: "../"

SPEC CHECKSUMS:
  Verify-SwiftOC3rd: 9eab3a373844cd381f4a74ecf651ab7edaaf2501

PODFILE CHECKSUM: de7d8b0504acfc23eaacd60b6038836dec737016

COCOAPODS: 1.2.1
