PODS:
  - Verify-SwiftOC3rd (0.1.4)

DEPENDENCIES:
  - Verify-SwiftOC3rd (from `../`)

EXTERNAL SOURCES:
  Verify-SwiftOC3rd:
    :path: "../"

SPEC CHECKSUMS:
  Verify-SwiftOC3rd: 6ffd16ef98f28e7c50b961f8d98ef3e2557a48d8

PODFILE CHECKSUM: d1a88c9ff66b39cdfaaaf07fdc256244f5681f6e

COCOAPODS: 1.2.1
