PODS:
  - Verify-SwiftOC3rd (0.1.1)

DEPENDENCIES:
  - Verify-SwiftOC3rd (from `../`)

EXTERNAL SOURCES:
  Verify-SwiftOC3rd:
    :path: "../"

SPEC CHECKSUMS:
  Verify-SwiftOC3rd: 1bc76f54c4a2917df565c1fda560c8727b7295b5

PODFILE CHECKSUM: d1a88c9ff66b39cdfaaaf07fdc256244f5681f6e

COCOAPODS: 1.2.1
